{
  "lockfile_version": "1",
  "packages": {
    "github:NixOS/nixpkgs/nixpkgs-unstable": {
      "last_modified": "2025-06-06T12:35:49Z",
      "resolved": "github:NixOS/nixpkgs/a4ff0e3c64846abea89662bfbacf037ef4b34207?lastModified=1749213349&narHash=sha256-UAaWOyQhdp7nXzsbmLVC67fo%2BQetzoTm9hsPf9X3yr4%3D"
    },
    "go@1.24.0": {
      "last_modified": "2025-02-23T09:42:26Z",
      "resolved": "github:NixOS/nixpkgs/2d068ae5c6516b2d04562de50a58c682540de9bf#go_1_24",
      "source": "devbox-search",
      "version": "1.24.0",
      "systems": {
        "aarch64-darwin": {
          "outputs": [
            {
              "name": "out",
              "path": "/nix/store/v495d2fb3ffi08ri6jffvhzr08p104pk-go-1.24.0",
              "default": true
            }
          ],
          "store_path": "/nix/store/v495d2fb3ffi08ri6jffvhzr08p104pk-go-1.24.0"
        },
        "aarch64-linux": {
          "outputs": [
            {
              "name": "out",
              "path": "/nix/store/fy5xhvha2ha7jcyqp73haqrpg8npw63b-go-1.24.0",
              "default": true
            }
          ],
          "store_path": "/nix/store/fy5xhvha2ha7jcyqp73haqrpg8npw63b-go-1.24.0"
        },
        "x86_64-darwin": {
          "outputs": [
            {
              "name": "out",
              "path": "/nix/store/gg6947k6wwxq7ld2f90i62fkcf3kdd55-go-1.24.0",
              "default": true
            }
          ],
          "store_path": "/nix/store/gg6947k6wwxq7ld2f90i62fkcf3kdd55-go-1.24.0"
        },
        "x86_64-linux": {
          "outputs": [
            {
              "name": "out",
              "path": "/nix/store/wk1vg9ksvmqwxhgj7cmvdv1g62v9kff0-go-1.24.0",
              "default": true
            }
          ],
          "store_path": "/nix/store/wk1vg9ksvmqwxhgj7cmvdv1g62v9kff0-go-1.24.0"
        }
      }
    },
    "goreleaser@latest": {
      "last_modified": "2025-06-12T15:53:38Z",
      "resolved": "github:NixOS/nixpkgs/8d6cdc7756817e0c4b24567271634a44bcf80752#goreleaser",
      "source": "devbox-search",
      "version": "2.10.2",
      "systems": {
        "aarch64-darwin": {
          "outputs": [
            {
              "name": "out",
              "path": "/nix/store/k3bi3yz5a14f8h0fzqqcysgf2zj5hh46-goreleaser-2.10.2",
              "default": true
            }
          ],
          "store_path": "/nix/store/k3bi3yz5a14f8h0fzqqcysgf2zj5hh46-goreleaser-2.10.2"
        },
        "aarch64-linux": {
          "outputs": [
            {
              "name": "out",
              "path": "/nix/store/82h2hmxl36zn8g380va8wbynrslcv844-goreleaser-2.10.2",
              "default": true
            }
          ],
          "store_path": "/nix/store/82h2hmxl36zn8g380va8wbynrslcv844-goreleaser-2.10.2"
        },
        "x86_64-darwin": {
          "outputs": [
            {
              "name": "out",
              "path": "/nix/store/rgdgld5wlxqi9s46a0f7533clalk0lk8-goreleaser-2.10.2",
              "default": true
            }
          ],
          "store_path": "/nix/store/rgdgld5wlxqi9s46a0f7533clalk0lk8-goreleaser-2.10.2"
        },
        "x86_64-linux": {
          "outputs": [
            {
              "name": "out",
              "path": "/nix/store/3zil71bfbbq39qp20dwyyir322qd655l-goreleaser-2.10.2",
              "default": true
            }
          ],
          "store_path": "/nix/store/3zil71bfbbq39qp20dwyyir322qd655l-goreleaser-2.10.2"
        }
      }
    }
  }
}
